
Microsoft Visual Studio Solution File, Format Version 12.00
# Visual Studio Version 16
VisualStudioVersion = 16.0.30503.244
MinimumVisualStudioVersion = 10.0.40219.1
Project("{FAE04EC0-301F-11D3-BF4B-00C04F79EFBC}") = "AnimalShop", "AnimalShop\AnimalShop.csproj", "{65119A1F-6CB3-4567-8755-7A7548DF6094}"
EndProject
Global
	GlobalSection(SolutionConfigurationPlatforms) = preSolution
		Debug|Any CPU = Debug|Any CPU
		Release|Any CPU = Release|Any CPU
	EndGlobalSection
	GlobalSection(ProjectConfigurationPlatforms) = postSolution
		{65119A1F-6CB3-4567-8755-7A7548DF6094}.Debug|Any CPU.ActiveCfg = Debug|Any CPU
		{65119A1F-6CB3-4567-8755-7A7548DF6094}.Debug|Any CPU.Build.0 = Debug|Any CPU
		{65119A1F-6CB3-4567-8755-7A7548DF6094}.Release|Any CPU.ActiveCfg = Release|Any CPU
		{65119A1F-6CB3-4567-8755-7A7548DF6094}.Release|Any CPU.Build.0 = Release|Any CPU
	EndGlobalSection
	GlobalSection(SolutionProperties) = preSolution
		HideSolutionNode = FALSE
	EndGlobalSection
	GlobalSection(ExtensibilityGlobals) = postSolution
		SolutionGuid = {F98AE533-0E97-4EED-B781-C25E245D6CBD}
	EndGlobalSection
EndGlobal
